
Microsoft Visual Studio Solution File, Format Version 12.00
# Visual Studio Version 17
VisualStudioVersion = 17.0.32112.339
MinimumVisualStudioVersion = 10.0.40219.1
Project("{9A19103F-16F7-4668-BE54-9A1E7A4F7556}") = "payroll-System", "payroll-System\payroll-System.csproj", "{0628D305-BE90-4604-A179-685A3F758A72}"
EndProject
Project("{FAE04EC0-301F-11D3-BF4B-00C04F79EFBC}") = "payroll-Login", "payroll-Login\payroll-Login.csproj", "{C8DB5F77-CD5E-4A52-BE41-3B326A14DBEE}"
EndProject
Project("{FAE04EC0-301F-11D3-BF4B-00C04F79EFBC}") = "payroll-Func", "payroll-Func\payroll-Func.csproj", "{98CE1525-B158-460F-94A9-5C55934CBED2}"
EndProject
Global
	GlobalSection(SolutionConfigurationPlatforms) = preSolution
		Debug|Any CPU = Debug|Any CPU
		Release|Any CPU = Release|Any CPU
	EndGlobalSection
	GlobalSection(ProjectConfigurationPlatforms) = postSolution
		{0628D305-BE90-4604-A179-685A3F758A72}.Debug|Any CPU.ActiveCfg = Debug|Any CPU
		{0628D305-BE90-4604-A179-685A3F758A72}.Debug|Any CPU.Build.0 = Debug|Any CPU
		{0628D305-BE90-4604-A179-685A3F758A72}.Release|Any CPU.ActiveCfg = Release|Any CPU
		{0628D305-BE90-4604-A179-685A3F758A72}.Release|Any CPU.Build.0 = Release|Any CPU
		{C8DB5F77-CD5E-4A52-BE41-3B326A14DBEE}.Debug|Any CPU.ActiveCfg = Debug|Any CPU
		{C8DB5F77-CD5E-4A52-BE41-3B326A14DBEE}.Debug|Any CPU.Build.0 = Debug|Any CPU
		{C8DB5F77-CD5E-4A52-BE41-3B326A14DBEE}.Release|Any CPU.ActiveCfg = Release|Any CPU
		{C8DB5F77-CD5E-4A52-BE41-3B326A14DBEE}.Release|Any CPU.Build.0 = Release|Any CPU
		{98CE1525-B158-460F-94A9-5C55934CBED2}.Debug|Any CPU.ActiveCfg = Debug|Any CPU
		{98CE1525-B158-460F-94A9-5C55934CBED2}.Debug|Any CPU.Build.0 = Debug|Any CPU
		{98CE1525-B158-460F-94A9-5C55934CBED2}.Release|Any CPU.ActiveCfg = Release|Any CPU
		{98CE1525-B158-460F-94A9-5C55934CBED2}.Release|Any CPU.Build.0 = Release|Any CPU
	EndGlobalSection
	GlobalSection(SolutionProperties) = preSolution
		HideSolutionNode = FALSE
	EndGlobalSection
	GlobalSection(ExtensibilityGlobals) = postSolution
		SolutionGuid = {A6E9869E-56A2-4D0E-BCD4-243409C2A027}
	EndGlobalSection
EndGlobal
